
Microsoft Visual Studio Solution File, Format Version 12.00
# Visual Studio Version 17
VisualStudioVersion = 17.2.32505.173
MinimumVisualStudioVersion = 10.0.40219.1
Project("{FAE04EC0-301F-11D3-BF4B-00C04F79EFBC}") = "FilesModule", "FilesModule\FilesModule.csproj", "{513D171E-B790-402F-8E51-8F34CD7EBAE8}"
EndProject
Global
	GlobalSection(SolutionConfigurationPlatforms) = preSolution
		Debug|Any CPU = Debug|Any CPU
		Release|Any CPU = Release|Any CPU
	EndGlobalSection
	GlobalSection(ProjectConfigurationPlatforms) = postSolution
		{513D171E-B790-402F-8E51-8F34CD7EBAE8}.Debug|Any CPU.ActiveCfg = Debug|Any CPU
		{513D171E-B790-402F-8E51-8F34CD7EBAE8}.Debug|Any CPU.Build.0 = Debug|Any CPU
		{513D171E-B790-402F-8E51-8F34CD7EBAE8}.Release|Any CPU.ActiveCfg = Release|Any CPU
		{513D171E-B790-402F-8E51-8F34CD7EBAE8}.Release|Any CPU.Build.0 = Release|Any CPU
	EndGlobalSection
	GlobalSection(SolutionProperties) = preSolution
		HideSolutionNode = FALSE
	EndGlobalSection
	GlobalSection(ExtensibilityGlobals) = postSolution
		SolutionGuid = {286152C2-E818-45EE-9BBC-8BFCBF0ECB26}
	EndGlobalSection
EndGlobal
